
Microsoft Visual Studio Solution File, Format Version 12.00
# Visual Studio 15
VisualStudioVersion = 15.0.26430.16
MinimumVisualStudioVersion = 10.0.40219.1
Project("{FAE04EC0-301F-11D3-BF4B-00C04F79EFBC}") = "pos.Machine", "src\pos.Machine\pos.Machine.csproj", "{1EDFB9AF-2FAD-49A8-AB37-8C387863F205}"
EndProject
Project("{FAE04EC0-301F-11D3-BF4B-00C04F79EFBC}") = "pos.Machine.Test", "Tests\pos.Machine.Test\pos.Machine.Test.csproj", "{5979F228-18F7-43F2-89F6-AB4601E9F475}"
EndProject
Global
	GlobalSection(SolutionConfigurationPlatforms) = preSolution
		Debug|Any CPU = Debug|Any CPU
		Release|Any CPU = Release|Any CPU
	EndGlobalSection
	GlobalSection(ProjectConfigurationPlatforms) = postSolution
		{1EDFB9AF-2FAD-49A8-AB37-8C387863F205}.Debug|Any CPU.ActiveCfg = Debug|Any CPU
		{1EDFB9AF-2FAD-49A8-AB37-8C387863F205}.Debug|Any CPU.Build.0 = Debug|Any CPU
		{1EDFB9AF-2FAD-49A8-AB37-8C387863F205}.Release|Any CPU.ActiveCfg = Release|Any CPU
		{1EDFB9AF-2FAD-49A8-AB37-8C387863F205}.Release|Any CPU.Build.0 = Release|Any CPU
		{5979F228-18F7-43F2-89F6-AB4601E9F475}.Debug|Any CPU.ActiveCfg = Debug|Any CPU
		{5979F228-18F7-43F2-89F6-AB4601E9F475}.Debug|Any CPU.Build.0 = Debug|Any CPU
		{5979F228-18F7-43F2-89F6-AB4601E9F475}.Release|Any CPU.ActiveCfg = Release|Any CPU
		{5979F228-18F7-43F2-89F6-AB4601E9F475}.Release|Any CPU.Build.0 = Release|Any CPU
	EndGlobalSection
	GlobalSection(SolutionProperties) = preSolution
		HideSolutionNode = FALSE
	EndGlobalSection
EndGlobal
